
Microsoft Visual Studio Solution File, Format Version 12.00
# Visual Studio Version 16
VisualStudioVersion = 16.0.30204.135
MinimumVisualStudioVersion = 10.0.40219.1
Project("{9A19103F-16F7-4668-BE54-9A1E7A4F7556}") = "TaskList.Data", "TaskList.Data\TaskList.Data.csproj", "{16F36516-848E-4581-867A-8BD77684B2C1}"
EndProject
Project("{9A19103F-16F7-4668-BE54-9A1E7A4F7556}") = "TaskList.Business", "TaskList.Business\TaskList.Business.csproj", "{E97E29D6-7212-40AD-BBEE-311B29EB5E58}"
EndProject
Project("{9A19103F-16F7-4668-BE54-9A1E7A4F7556}") = "TaskList.Core", "TaskList.Core\TaskList.Core.csproj", "{9E259A22-404E-4898-B277-F1941EEA65B0}"
EndProject
Project("{FAE04EC0-301F-11D3-BF4B-00C04F79EFBC}") = "TaskList.Web", "TaskList.Web\TaskList.Web.csproj", "{571D511D-D53B-4552-A15A-FF824B21961E}"
EndProject
Global
	GlobalSection(SolutionConfigurationPlatforms) = preSolution
		Debug|Any CPU = Debug|Any CPU
		Release|Any CPU = Release|Any CPU
	EndGlobalSection
	GlobalSection(ProjectConfigurationPlatforms) = postSolution
		{16F36516-848E-4581-867A-8BD77684B2C1}.Debug|Any CPU.ActiveCfg = Debug|Any CPU
		{16F36516-848E-4581-867A-8BD77684B2C1}.Debug|Any CPU.Build.0 = Debug|Any CPU
		{16F36516-848E-4581-867A-8BD77684B2C1}.Release|Any CPU.ActiveCfg = Release|Any CPU
		{16F36516-848E-4581-867A-8BD77684B2C1}.Release|Any CPU.Build.0 = Release|Any CPU
		{E97E29D6-7212-40AD-BBEE-311B29EB5E58}.Debug|Any CPU.ActiveCfg = Debug|Any CPU
		{E97E29D6-7212-40AD-BBEE-311B29EB5E58}.Debug|Any CPU.Build.0 = Debug|Any CPU
		{E97E29D6-7212-40AD-BBEE-311B29EB5E58}.Release|Any CPU.ActiveCfg = Release|Any CPU
		{E97E29D6-7212-40AD-BBEE-311B29EB5E58}.Release|Any CPU.Build.0 = Release|Any CPU
		{9E259A22-404E-4898-B277-F1941EEA65B0}.Debug|Any CPU.ActiveCfg = Debug|Any CPU
		{9E259A22-404E-4898-B277-F1941EEA65B0}.Debug|Any CPU.Build.0 = Debug|Any CPU
		{9E259A22-404E-4898-B277-F1941EEA65B0}.Release|Any CPU.ActiveCfg = Release|Any CPU
		{9E259A22-404E-4898-B277-F1941EEA65B0}.Release|Any CPU.Build.0 = Release|Any CPU
		{571D511D-D53B-4552-A15A-FF824B21961E}.Debug|Any CPU.ActiveCfg = Debug|Any CPU
		{571D511D-D53B-4552-A15A-FF824B21961E}.Debug|Any CPU.Build.0 = Debug|Any CPU
		{571D511D-D53B-4552-A15A-FF824B21961E}.Release|Any CPU.ActiveCfg = Release|Any CPU
		{571D511D-D53B-4552-A15A-FF824B21961E}.Release|Any CPU.Build.0 = Release|Any CPU
	EndGlobalSection
	GlobalSection(SolutionProperties) = preSolution
		HideSolutionNode = FALSE
	EndGlobalSection
	GlobalSection(ExtensibilityGlobals) = postSolution
		SolutionGuid = {0DAF7DC8-D8E1-4584-86EF-871B39C2D23F}
	EndGlobalSection
EndGlobal
